// !$*UTF8*$!
{
	archiveVersion = 1;
	classes = {
	};
	objectVersion = 56;
	objects = {

/* Begin PBXBuildFile section */
		2326461F29D19B8E006FF18E /* DataParser.swift in Sources */ = {isa = PBXBuildFile; fileRef = 2326461E29D19B8E006FF18E /* DataParser.swift */; };
		2326462229D1B879006FF18E /* User.swift in Sources */ = {isa = PBXBuildFile; fileRef = 2326462129D1B879006FF18E /* User.swift */; };
		2326462529D1B8CE006FF18E /* UsersRequest.swift in Sources */ = {isa = PBXBuildFile; fileRef = 2326462429D1B8CE006FF18E /* UsersRequest.swift */; };
		2326463F29D1BD3E006FF18E /* TILiOSOnboarding.h in Headers */ = {isa = PBXBuildFile; fileRef = 2326463E29D1BD3E006FF18E /* TILiOSOnboarding.h */; settings = {ATTRIBUTES = (Public, ); }; };
		2326464229D1BD3E006FF18E /* TILiOSOnboarding.framework in Frameworks */ = {isa = PBXBuildFile; fileRef = 2326463C29D1BD3E006FF18E /* TILiOSOnboarding.framework */; };
		2326464329D1BD3E006FF18E /* TILiOSOnboarding.framework in Embed Frameworks */ = {isa = PBXBuildFile; fileRef = 2326463C29D1BD3E006FF18E /* TILiOSOnboarding.framework */; settings = {ATTRIBUTES = (CodeSignOnCopy, RemoveHeadersOnCopy, ); }; };
		2326464A29D1BDCE006FF18E /* Bundle+Extension.swift in Sources */ = {isa = PBXBuildFile; fileRef = 2326464929D1BDCE006FF18E /* Bundle+Extension.swift */; };
		2326464D29D1BE67006FF18E /* OnboardingModel.swift in Sources */ = {isa = PBXBuildFile; fileRef = 2326464C29D1BE67006FF18E /* OnboardingModel.swift */; };
		2326465429D1D30B006FF18E /* CreateUser.swift in Sources */ = {isa = PBXBuildFile; fileRef = 2326465329D1D30B006FF18E /* CreateUser.swift */; };
		2326465629D1E625006FF18E /* UserDetails.swift in Sources */ = {isa = PBXBuildFile; fileRef = 2326465529D1E625006FF18E /* UserDetails.swift */; };
		23970E1329D20F2600FF65B0 /* EditUser.swift in Sources */ = {isa = PBXBuildFile; fileRef = 23970E1229D20F2600FF65B0 /* EditUser.swift */; };
		23970E1729D21C6500FF65B0 /* CategoriesView.swift in Sources */ = {isa = PBXBuildFile; fileRef = 23970E1629D21C6500FF65B0 /* CategoriesView.swift */; };
		23970E1B29D3444600FF65B0 /* Main.xcdatamodeld in Sources */ = {isa = PBXBuildFile; fileRef = 23970E1929D3444600FF65B0 /* Main.xcdatamodeld */; };
		23970E1D29D3447100FF65B0 /* Persistence.swift in Sources */ = {isa = PBXBuildFile; fileRef = 23970E1C29D3447100FF65B0 /* Persistence.swift */; };
		23970E2029D3470000FF65B0 /* Category.swift in Sources */ = {isa = PBXBuildFile; fileRef = 23970E1F29D3470000FF65B0 /* Category.swift */; };
		23970E2329D34B4900FF65B0 /* User+CoreDataHelpers.swift in Sources */ = {isa = PBXBuildFile; fileRef = 23970E2229D34B4900FF65B0 /* User+CoreDataHelpers.swift */; };
		23E1438329D04CA800F134AD /* TILiOSApp.swift in Sources */ = {isa = PBXBuildFile; fileRef = 23E1438229D04CA800F134AD /* TILiOSApp.swift */; };
		23E1438529D04CA800F134AD /* ContentView.swift in Sources */ = {isa = PBXBuildFile; fileRef = 23E1438429D04CA800F134AD /* ContentView.swift */; };
		23E1438729D04CAA00F134AD /* Assets.xcassets in Resources */ = {isa = PBXBuildFile; fileRef = 23E1438629D04CAA00F134AD /* Assets.xcassets */; };
		23E1438A29D04CAA00F134AD /* Preview Assets.xcassets in Resources */ = {isa = PBXBuildFile; fileRef = 23E1438929D04CAA00F134AD /* Preview Assets.xcassets */; };
		23E1439A29D04CE300F134AD /* RequestManager.swift in Sources */ = {isa = PBXBuildFile; fileRef = 23E1439429D04CE300F134AD /* RequestManager.swift */; };
		23E1439B29D04CE300F134AD /* APIManager.swift in Sources */ = {isa = PBXBuildFile; fileRef = 23E1439529D04CE300F134AD /* APIManager.swift */; };
		23E1439C29D04CE300F134AD /* RequestProtocol.swift in Sources */ = {isa = PBXBuildFile; fileRef = 23E1439729D04CE300F134AD /* RequestProtocol.swift */; };
		23E1439D29D04CE300F134AD /* AcronymsRequest.swift in Sources */ = {isa = PBXBuildFile; fileRef = 23E1439929D04CE300F134AD /* AcronymsRequest.swift */; };
		23E143AE29D04D0E00F134AD /* AcronymsView.swift in Sources */ = {isa = PBXBuildFile; fileRef = 23E143AD29D04D0E00F134AD /* AcronymsView.swift */; };
		23E143B429D04F5600F134AD /* Acronym.swift in Sources */ = {isa = PBXBuildFile; fileRef = 23E143B329D04F5600F134AD /* Acronym.swift */; };
		23E143B829D05AB000F134AD /* UsersView.swift in Sources */ = {isa = PBXBuildFile; fileRef = 23E143B729D05AB000F134AD /* UsersView.swift */; };
		23E143BA29D05B4D00F134AD /* CreateAcronymView.swift in Sources */ = {isa = PBXBuildFile; fileRef = 23E143B929D05B4D00F134AD /* CreateAcronymView.swift */; };
		23E143C429D062C600F134AD /* TILiOSTests.swift in Sources */ = {isa = PBXBuildFile; fileRef = 23E143C329D062C600F134AD /* TILiOSTests.swift */; };
		23E143CF29D0631A00F134AD /* APIManagerMock.swift in Sources */ = {isa = PBXBuildFile; fileRef = 23E143CE29D0631A00F134AD /* APIManagerMock.swift */; };
		23E143D129D0632E00F134AD /* AcronymRequestMock.swift in Sources */ = {isa = PBXBuildFile; fileRef = 23E143D029D0632E00F134AD /* AcronymRequestMock.swift */; };
		23E143D329D0724E00F134AD /* AcronymsMock.json in Resources */ = {isa = PBXBuildFile; fileRef = 23E143D229D0724E00F134AD /* AcronymsMock.json */; };
		23E143D529D072C700F134AD /* RequestManagerTests.swift in Sources */ = {isa = PBXBuildFile; fileRef = 23E143D429D072C700F134AD /* RequestManagerTests.swift */; };
		23E143D729D0AE5000F134AD /* AcronymDetail.swift in Sources */ = {isa = PBXBuildFile; fileRef = 23E143D629D0AE5000F134AD /* AcronymDetail.swift */; };
/* End PBXBuildFile section */

/* Begin PBXContainerItemProxy section */
		2326464029D1BD3E006FF18E /* PBXContainerItemProxy */ = {
			isa = PBXContainerItemProxy;
			containerPortal = 23E1437729D04CA800F134AD /* Project object */;
			proxyType = 1;
			remoteGlobalIDString = 2326463B29D1BD3E006FF18E;
			remoteInfo = TILiOSOnboarding;
		};
		23E143C529D062C600F134AD /* PBXContainerItemProxy */ = {
			isa = PBXContainerItemProxy;
			containerPortal = 23E1437729D04CA800F134AD /* Project object */;
			proxyType = 1;
			remoteGlobalIDString = 23E1437E29D04CA800F134AD;
			remoteInfo = TILiOS;
		};
/* End PBXContainerItemProxy section */

/* Begin PBXCopyFilesBuildPhase section */
		2326463629D1BCA7006FF18E /* Embed Frameworks */ = {
			isa = PBXCopyFilesBuildPhase;
			buildActionMask = 2147483647;
			dstPath = "";
			dstSubfolderSpec = 10;
			files = (
				2326464329D1BD3E006FF18E /* TILiOSOnboarding.framework in Embed Frameworks */,
			);
			name = "Embed Frameworks";
			runOnlyForDeploymentPostprocessing = 0;
		};
/* End PBXCopyFilesBuildPhase section */

/* Begin PBXFileReference section */
		2326461E29D19B8E006FF18E /* DataParser.swift */ = {isa = PBXFileReference; lastKnownFileType = sourcecode.swift; path = DataParser.swift; sourceTree = "<group>"; };
		2326462129D1B879006FF18E /* User.swift */ = {isa = PBXFileReference; lastKnownFileType = sourcecode.swift; path = User.swift; sourceTree = "<group>"; };
		2326462429D1B8CE006FF18E /* UsersRequest.swift */ = {isa = PBXFileReference; lastKnownFileType = sourcecode.swift; path = UsersRequest.swift; sourceTree = "<group>"; };
		2326463C29D1BD3E006FF18E /* TILiOSOnboarding.framework */ = {isa = PBXFileReference; explicitFileType = wrapper.framework; includeInIndex = 0; path = TILiOSOnboarding.framework; sourceTree = BUILT_PRODUCTS_DIR; };
		2326463E29D1BD3E006FF18E /* TILiOSOnboarding.h */ = {isa = PBXFileReference; lastKnownFileType = sourcecode.c.h; path = TILiOSOnboarding.h; sourceTree = "<group>"; };
		2326464929D1BDCE006FF18E /* Bundle+Extension.swift */ = {isa = PBXFileReference; lastKnownFileType = sourcecode.swift; path = "Bundle+Extension.swift"; sourceTree = "<group>"; };
		2326464C29D1BE67006FF18E /* OnboardingModel.swift */ = {isa = PBXFileReference; lastKnownFileType = sourcecode.swift; path = OnboardingModel.swift; sourceTree = "<group>"; };
		2326465329D1D30B006FF18E /* CreateUser.swift */ = {isa = PBXFileReference; lastKnownFileType = sourcecode.swift; path = CreateUser.swift; sourceTree = "<group>"; };
		2326465529D1E625006FF18E /* UserDetails.swift */ = {isa = PBXFileReference; lastKnownFileType = sourcecode.swift; path = UserDetails.swift; sourceTree = "<group>"; };
		23970E1229D20F2600FF65B0 /* EditUser.swift */ = {isa = PBXFileReference; lastKnownFileType = sourcecode.swift; path = EditUser.swift; sourceTree = "<group>"; };
		23970E1629D21C6500FF65B0 /* CategoriesView.swift */ = {isa = PBXFileReference; lastKnownFileType = sourcecode.swift; path = CategoriesView.swift; sourceTree = "<group>"; };
		23970E1A29D3444600FF65B0 /* Main.xcdatamodel */ = {isa = PBXFileReference; lastKnownFileType = wrapper.xcdatamodel; path = Main.xcdatamodel; sourceTree = "<group>"; };
		23970E1C29D3447100FF65B0 /* Persistence.swift */ = {isa = PBXFileReference; lastKnownFileType = sourcecode.swift; path = Persistence.swift; sourceTree = "<group>"; };
		23970E1F29D3470000FF65B0 /* Category.swift */ = {isa = PBXFileReference; lastKnownFileType = sourcecode.swift; path = Category.swift; sourceTree = "<group>"; };
		23970E2229D34B4900FF65B0 /* User+CoreDataHelpers.swift */ = {isa = PBXFileReference; lastKnownFileType = sourcecode.swift; path = "User+CoreDataHelpers.swift"; sourceTree = "<group>"; };
		23E1437F29D04CA800F134AD /* TILiOS.app */ = {isa = PBXFileReference; explicitFileType = wrapper.application; includeInIndex = 0; path = TILiOS.app; sourceTree = BUILT_PRODUCTS_DIR; };
		23E1438229D04CA800F134AD /* TILiOSApp.swift */ = {isa = PBXFileReference; lastKnownFileType = sourcecode.swift; path = TILiOSApp.swift; sourceTree = "<group>"; };
		23E1438429D04CA800F134AD /* ContentView.swift */ = {isa = PBXFileReference; lastKnownFileType = sourcecode.swift; path = ContentView.swift; sourceTree = "<group>"; };
		23E1438629D04CAA00F134AD /* Assets.xcassets */ = {isa = PBXFileReference; lastKnownFileType = folder.assetcatalog; path = Assets.xcassets; sourceTree = "<group>"; };
		23E1438929D04CAA00F134AD /* Preview Assets.xcassets */ = {isa = PBXFileReference; lastKnownFileType = folder.assetcatalog; path = "Preview Assets.xcassets"; sourceTree = "<group>"; };
		23E1439429D04CE300F134AD /* RequestManager.swift */ = {isa = PBXFileReference; fileEncoding = 4; lastKnownFileType = sourcecode.swift; path = RequestManager.swift; sourceTree = "<group>"; };
		23E1439529D04CE300F134AD /* APIManager.swift */ = {isa = PBXFileReference; fileEncoding = 4; lastKnownFileType = sourcecode.swift; path = APIManager.swift; sourceTree = "<group>"; };
		23E1439729D04CE300F134AD /* RequestProtocol.swift */ = {isa = PBXFileReference; fileEncoding = 4; lastKnownFileType = sourcecode.swift; path = RequestProtocol.swift; sourceTree = "<group>"; };
		23E1439929D04CE300F134AD /* AcronymsRequest.swift */ = {isa = PBXFileReference; fileEncoding = 4; lastKnownFileType = sourcecode.swift; path = AcronymsRequest.swift; sourceTree = "<group>"; };
		23E143AD29D04D0E00F134AD /* AcronymsView.swift */ = {isa = PBXFileReference; lastKnownFileType = sourcecode.swift; path = AcronymsView.swift; sourceTree = "<group>"; };
		23E143B329D04F5600F134AD /* Acronym.swift */ = {isa = PBXFileReference; lastKnownFileType = sourcecode.swift; path = Acronym.swift; sourceTree = "<group>"; };
		23E143B729D05AB000F134AD /* UsersView.swift */ = {isa = PBXFileReference; lastKnownFileType = sourcecode.swift; path = UsersView.swift; sourceTree = "<group>"; };
		23E143B929D05B4D00F134AD /* CreateAcronymView.swift */ = {isa = PBXFileReference; fileEncoding = 4; lastKnownFileType = sourcecode.swift; path = CreateAcronymView.swift; sourceTree = "<group>"; };
		23E143C129D062C600F134AD /* TILiOSTests.xctest */ = {isa = PBXFileReference; explicitFileType = wrapper.cfbundle; includeInIndex = 0; path = TILiOSTests.xctest; sourceTree = BUILT_PRODUCTS_DIR; };
		23E143C329D062C600F134AD /* TILiOSTests.swift */ = {isa = PBXFileReference; lastKnownFileType = sourcecode.swift; path = TILiOSTests.swift; sourceTree = "<group>"; };
		23E143CE29D0631A00F134AD /* APIManagerMock.swift */ = {isa = PBXFileReference; lastKnownFileType = sourcecode.swift; path = APIManagerMock.swift; sourceTree = "<group>"; };
		23E143D029D0632E00F134AD /* AcronymRequestMock.swift */ = {isa = PBXFileReference; lastKnownFileType = sourcecode.swift; path = AcronymRequestMock.swift; sourceTree = "<group>"; };
		23E143D229D0724E00F134AD /* AcronymsMock.json */ = {isa = PBXFileReference; lastKnownFileType = text.json; path = AcronymsMock.json; sourceTree = "<group>"; };
		23E143D429D072C700F134AD /* RequestManagerTests.swift */ = {isa = PBXFileReference; lastKnownFileType = sourcecode.swift; path = RequestManagerTests.swift; sourceTree = "<group>"; };
		23E143D629D0AE5000F134AD /* AcronymDetail.swift */ = {isa = PBXFileReference; lastKnownFileType = sourcecode.swift; path = AcronymDetail.swift; sourceTree = "<group>"; };
/* End PBXFileReference section */

/* Begin PBXFrameworksBuildPhase section */
		2326463929D1BD3E006FF18E /* Frameworks */ = {
			isa = PBXFrameworksBuildPhase;
			buildActionMask = 2147483647;
			files = (
			);
			runOnlyForDeploymentPostprocessing = 0;
		};
		23E1437C29D04CA800F134AD /* Frameworks */ = {
			isa = PBXFrameworksBuildPhase;
			buildActionMask = 2147483647;
			files = (
				2326464229D1BD3E006FF18E /* TILiOSOnboarding.framework in Frameworks */,
			);
			runOnlyForDeploymentPostprocessing = 0;
		};
		23E143BE29D062C600F134AD /* Frameworks */ = {
			isa = PBXFrameworksBuildPhase;
			buildActionMask = 2147483647;
			files = (
			);
			runOnlyForDeploymentPostprocessing = 0;
		};
/* End PBXFrameworksBuildPhase section */

/* Begin PBXGroup section */
		2326461D29D19B74006FF18E /* parser */ = {
			isa = PBXGroup;
			children = (
				2326461E29D19B8E006FF18E /* DataParser.swift */,
			);
			path = parser;
			sourceTree = "<group>";
		};
		2326462029D1B86D006FF18E /* user */ = {
			isa = PBXGroup;
			children = (
				2326462129D1B879006FF18E /* User.swift */,
			);
			path = user;
			sourceTree = "<group>";
		};
		2326462329D1B8BF006FF18E /* users */ = {
			isa = PBXGroup;
			children = (
				2326462429D1B8CE006FF18E /* UsersRequest.swift */,
			);
			path = users;
			sourceTree = "<group>";
		};
		2326463D29D1BD3E006FF18E /* TILiOSOnboarding */ = {
			isa = PBXGroup;
			children = (
				2326464B29D1BE54006FF18E /* Model */,
				2326464829D1BDAB006FF18E /* Extensions */,
				2326464729D1BD68006FF18E /* Resources */,
				2326463E29D1BD3E006FF18E /* TILiOSOnboarding.h */,
			);
			path = TILiOSOnboarding;
			sourceTree = "<group>";
		};
		2326464729D1BD68006FF18E /* Resources */ = {
			isa = PBXGroup;
			children = (
			);
			path = Resources;
			sourceTree = "<group>";
		};
		2326464829D1BDAB006FF18E /* Extensions */ = {
			isa = PBXGroup;
			children = (
				2326464929D1BDCE006FF18E /* Bundle+Extension.swift */,
			);
			path = Extensions;
			sourceTree = "<group>";
		};
		2326464B29D1BE54006FF18E /* Model */ = {
			isa = PBXGroup;
			children = (
				2326464C29D1BE67006FF18E /* OnboardingModel.swift */,
			);
			path = Model;
			sourceTree = "<group>";
		};
		23970E1429D21C1100FF65B0 /* Categories */ = {
			isa = PBXGroup;
			children = (
				23970E1829D21C6D00FF65B0 /* views */,
			);
			path = Categories;
			sourceTree = "<group>";
		};
		23970E1529D21C4200FF65B0 /* coreData */ = {
			isa = PBXGroup;
			children = (
				23970E2129D34B1300FF65B0 /* extensions */,
				23970E1929D3444600FF65B0 /* Main.xcdatamodeld */,
				23970E1C29D3447100FF65B0 /* Persistence.swift */,
			);
			path = coreData;
			sourceTree = "<group>";
		};
		23970E1829D21C6D00FF65B0 /* views */ = {
			isa = PBXGroup;
			children = (
				23970E1629D21C6500FF65B0 /* CategoriesView.swift */,
			);
			path = views;
			sourceTree = "<group>";
		};
		23970E1E29D346F200FF65B0 /* category */ = {
			isa = PBXGroup;
			children = (
				23970E1F29D3470000FF65B0 /* Category.swift */,
			);
			path = category;
			sourceTree = "<group>";
		};
		23970E2129D34B1300FF65B0 /* extensions */ = {
			isa = PBXGroup;
			children = (
				23970E2229D34B4900FF65B0 /* User+CoreDataHelpers.swift */,
			);
			path = extensions;
			sourceTree = "<group>";
		};
		23E1437629D04CA800F134AD = {
			isa = PBXGroup;
			children = (
				23E1438129D04CA800F134AD /* TILiOS */,
				23E143C229D062C600F134AD /* TILiOSTests */,
				2326463D29D1BD3E006FF18E /* TILiOSOnboarding */,
				23E1438029D04CA800F134AD /* Products */,
			);
			sourceTree = "<group>";
		};
		23E1438029D04CA800F134AD /* Products */ = {
			isa = PBXGroup;
			children = (
				23E1437F29D04CA800F134AD /* TILiOS.app */,
				23E143C129D062C600F134AD /* TILiOSTests.xctest */,
				2326463C29D1BD3E006FF18E /* TILiOSOnboarding.framework */,
			);
			name = Products;
			sourceTree = "<group>";
		};
		23E1438129D04CA800F134AD /* TILiOS */ = {
			isa = PBXGroup;
			children = (
				23970E1429D21C1100FF65B0 /* Categories */,
				23E143B529D05A9700F134AD /* Users */,
				23E143AC29D04CFB00F134AD /* Acronyms */,
				23E1439029D04CE300F134AD /* Core */,
				23E1438229D04CA800F134AD /* TILiOSApp.swift */,
				23E1438429D04CA800F134AD /* ContentView.swift */,
				23E1438629D04CAA00F134AD /* Assets.xcassets */,
				23E1438829D04CAA00F134AD /* Preview Content */,
			);
			path = TILiOS;
			sourceTree = "<group>";
		};
		23E1438829D04CAA00F134AD /* Preview Content */ = {
			isa = PBXGroup;
			children = (
				23E1438929D04CAA00F134AD /* Preview Assets.xcassets */,
				23E143D229D0724E00F134AD /* AcronymsMock.json */,
			);
			path = "Preview Content";
			sourceTree = "<group>";
		};
		23E1439029D04CE300F134AD /* Core */ = {
			isa = PBXGroup;
			children = (
				23E143B029D04F2700F134AD /* domain */,
				23E1439129D04CE300F134AD /* data */,
			);
			path = Core;
			sourceTree = "<group>";
		};
		23E1439129D04CE300F134AD /* data */ = {
			isa = PBXGroup;
			children = (
				23970E1529D21C4200FF65B0 /* coreData */,
				23E1439229D04CE300F134AD /* api */,
			);
			path = data;
			sourceTree = "<group>";
		};
		23E1439229D04CE300F134AD /* api */ = {
			isa = PBXGroup;
			children = (
				2326461D29D19B74006FF18E /* parser */,
				23E1439329D04CE300F134AD /* network */,
				23E1439629D04CE300F134AD /* request */,
			);
			path = api;
			sourceTree = "<group>";
		};
		23E1439329D04CE300F134AD /* network */ = {
			isa = PBXGroup;
			children = (
				23E1439429D04CE300F134AD /* RequestManager.swift */,
				23E1439529D04CE300F134AD /* APIManager.swift */,
			);
			path = network;
			sourceTree = "<group>";
		};
		23E1439629D04CE300F134AD /* request */ = {
			isa = PBXGroup;
			children = (
				23E1439729D04CE300F134AD /* RequestProtocol.swift */,
				2326462329D1B8BF006FF18E /* users */,
				23E1439829D04CE300F134AD /* acronyms */,
			);
			path = request;
			sourceTree = "<group>";
		};
		23E1439829D04CE300F134AD /* acronyms */ = {
			isa = PBXGroup;
			children = (
				23E1439929D04CE300F134AD /* AcronymsRequest.swift */,
			);
			path = acronyms;
			sourceTree = "<group>";
		};
		23E143AC29D04CFB00F134AD /* Acronyms */ = {
			isa = PBXGroup;
			children = (
				23E143AF29D04D4000F134AD /* views */,
			);
			path = Acronyms;
			sourceTree = "<group>";
		};
		23E143AF29D04D4000F134AD /* views */ = {
			isa = PBXGroup;
			children = (
				23E143B929D05B4D00F134AD /* CreateAcronymView.swift */,
				23E143D629D0AE5000F134AD /* AcronymDetail.swift */,
				23E143AD29D04D0E00F134AD /* AcronymsView.swift */,
			);
			path = views;
			sourceTree = "<group>";
		};
		23E143B029D04F2700F134AD /* domain */ = {
			isa = PBXGroup;
			children = (
				23E143B129D04F3100F134AD /* model */,
			);
			path = domain;
			sourceTree = "<group>";
		};
		23E143B129D04F3100F134AD /* model */ = {
			isa = PBXGroup;
			children = (
				23970E1E29D346F200FF65B0 /* category */,
				2326462029D1B86D006FF18E /* user */,
				23E143B229D04F3700F134AD /* acronym */,
			);
			path = model;
			sourceTree = "<group>";
		};
		23E143B229D04F3700F134AD /* acronym */ = {
			isa = PBXGroup;
			children = (
				23E143B329D04F5600F134AD /* Acronym.swift */,
			);
			path = acronym;
			sourceTree = "<group>";
		};
		23E143B529D05A9700F134AD /* Users */ = {
			isa = PBXGroup;
			children = (
				23E143B629D05AA000F134AD /* views */,
			);
			path = Users;
			sourceTree = "<group>";
		};
		23E143B629D05AA000F134AD /* views */ = {
			isa = PBXGroup;
			children = (
				23E143B729D05AB000F134AD /* UsersView.swift */,
				2326465329D1D30B006FF18E /* CreateUser.swift */,
				2326465529D1E625006FF18E /* UserDetails.swift */,
				23970E1229D20F2600FF65B0 /* EditUser.swift */,
			);
			path = views;
			sourceTree = "<group>";
		};
		23E143BB29D061F100F134AD /* mock */ = {
			isa = PBXGroup;
			children = (
				23E143CE29D0631A00F134AD /* APIManagerMock.swift */,
				23E143D029D0632E00F134AD /* AcronymRequestMock.swift */,
			);
			path = mock;
			sourceTree = "<group>";
		};
		23E143BC29D061F800F134AD /* helper */ = {
			isa = PBXGroup;
			children = (
			);
			path = helper;
			sourceTree = "<group>";
		};
		23E143C229D062C600F134AD /* TILiOSTests */ = {
			isa = PBXGroup;
			children = (
				23E143CA29D062D100F134AD /* Tests */,
				23E143C329D062C600F134AD /* TILiOSTests.swift */,
			);
			path = TILiOSTests;
			sourceTree = "<group>";
		};
		23E143CA29D062D100F134AD /* Tests */ = {
			isa = PBXGroup;
			children = (
				23E143CB29D062E300F134AD /* Core */,
			);
			path = Tests;
			sourceTree = "<group>";
		};
		23E143CB29D062E300F134AD /* Core */ = {
			isa = PBXGroup;
			children = (
				23E143CC29D062EC00F134AD /* data */,
			);
			path = Core;
			sourceTree = "<group>";
		};
		23E143CC29D062EC00F134AD /* data */ = {
			isa = PBXGroup;
			children = (
				23E143CD29D062F200F134AD /* api */,
			);
			path = data;
			sourceTree = "<group>";
		};
		23E143CD29D062F200F134AD /* api */ = {
			isa = PBXGroup;
			children = (
				23E143D429D072C700F134AD /* RequestManagerTests.swift */,
				23E143BB29D061F100F134AD /* mock */,
				23E143BC29D061F800F134AD /* helper */,
			);
			path = api;
			sourceTree = "<group>";
		};
/* End PBXGroup section */

/* Begin PBXHeadersBuildPhase section */
		2326463729D1BD3E006FF18E /* Headers */ = {
			isa = PBXHeadersBuildPhase;
			buildActionMask = 2147483647;
			files = (
				2326463F29D1BD3E006FF18E /* TILiOSOnboarding.h in Headers */,
			);
			runOnlyForDeploymentPostprocessing = 0;
		};
/* End PBXHeadersBuildPhase section */

/* Begin PBXNativeTarget section */
		2326463B29D1BD3E006FF18E /* TILiOSOnboarding */ = {
			isa = PBXNativeTarget;
			buildConfigurationList = 2326464429D1BD3E006FF18E /* Build configuration list for PBXNativeTarget "TILiOSOnboarding" */;
			buildPhases = (
				2326463729D1BD3E006FF18E /* Headers */,
				2326463829D1BD3E006FF18E /* Sources */,
				2326463929D1BD3E006FF18E /* Frameworks */,
				2326463A29D1BD3E006FF18E /* Resources */,
			);
			buildRules = (
			);
			dependencies = (
			);
			name = TILiOSOnboarding;
			productName = TILiOSOnboarding;
			productReference = 2326463C29D1BD3E006FF18E /* TILiOSOnboarding.framework */;
			productType = "com.apple.product-type.framework";
		};
		23E1437E29D04CA800F134AD /* TILiOS */ = {
			isa = PBXNativeTarget;
			buildConfigurationList = 23E1438D29D04CAA00F134AD /* Build configuration list for PBXNativeTarget "TILiOS" */;
			buildPhases = (
				23E1437B29D04CA800F134AD /* Sources */,
				23E1437C29D04CA800F134AD /* Frameworks */,
				23E1437D29D04CA800F134AD /* Resources */,
				2326463629D1BCA7006FF18E /* Embed Frameworks */,
			);
			buildRules = (
			);
			dependencies = (
				2326464129D1BD3E006FF18E /* PBXTargetDependency */,
			);
			name = TILiOS;
			productName = TILiOS;
			productReference = 23E1437F29D04CA800F134AD /* TILiOS.app */;
			productType = "com.apple.product-type.application";
		};
		23E143C029D062C600F134AD /* TILiOSTests */ = {
			isa = PBXNativeTarget;
			buildConfigurationList = 23E143C729D062C600F134AD /* Build configuration list for PBXNativeTarget "TILiOSTests" */;
			buildPhases = (
				23E143BD29D062C600F134AD /* Sources */,
				23E143BE29D062C600F134AD /* Frameworks */,
				23E143BF29D062C600F134AD /* Resources */,
			);
			buildRules = (
			);
			dependencies = (
				23E143C629D062C600F134AD /* PBXTargetDependency */,
			);
			name = TILiOSTests;
			productName = TILiOSTests;
			productReference = 23E143C129D062C600F134AD /* TILiOSTests.xctest */;
			productType = "com.apple.product-type.bundle.unit-test";
		};
/* End PBXNativeTarget section */

/* Begin PBXProject section */
		23E1437729D04CA800F134AD /* Project object */ = {
			isa = PBXProject;
			attributes = {
				BuildIndependentTargetsInParallel = 1;
				LastSwiftUpdateCheck = 1420;
				LastUpgradeCheck = 1420;
				TargetAttributes = {
					2326463B29D1BD3E006FF18E = {
						CreatedOnToolsVersion = 14.2;
						LastSwiftMigration = 1420;
					};
					23E1437E29D04CA800F134AD = {
						CreatedOnToolsVersion = 14.2;
					};
					23E143C029D062C600F134AD = {
						CreatedOnToolsVersion = 14.2;
						TestTargetID = 23E1437E29D04CA800F134AD;
					};
				};
			};
			buildConfigurationList = 23E1437A29D04CA800F134AD /* Build configuration list for PBXProject "TILiOS" */;
			compatibilityVersion = "Xcode 14.0";
			developmentRegion = en;
			hasScannedForEncodings = 0;
			knownRegions = (
				en,
				Base,
			);
			mainGroup = 23E1437629D04CA800F134AD;
			productRefGroup = 23E1438029D04CA800F134AD /* Products */;
			projectDirPath = "";
			projectRoot = "";
			targets = (
				23E1437E29D04CA800F134AD /* TILiOS */,
				23E143C029D062C600F134AD /* TILiOSTests */,
				2326463B29D1BD3E006FF18E /* TILiOSOnboarding */,
			);
		};
/* End PBXProject section */

/* Begin PBXResourcesBuildPhase section */
		2326463A29D1BD3E006FF18E /* Resources */ = {
			isa = PBXResourcesBuildPhase;
			buildActionMask = 2147483647;
			files = (
			);
			runOnlyForDeploymentPostprocessing = 0;
		};
		23E1437D29D04CA800F134AD /* Resources */ = {
			isa = PBXResourcesBuildPhase;
			buildActionMask = 2147483647;
			files = (
				23E1438A29D04CAA00F134AD /* Preview Assets.xcassets in Resources */,
				23E1438729D04CAA00F134AD /* Assets.xcassets in Resources */,
				23E143D329D0724E00F134AD /* AcronymsMock.json in Resources */,
			);
			runOnlyForDeploymentPostprocessing = 0;
		};
		23E143BF29D062C600F134AD /* Resources */ = {
			isa = PBXResourcesBuildPhase;
			buildActionMask = 2147483647;
			files = (
			);
			runOnlyForDeploymentPostprocessing = 0;
		};
/* End PBXResourcesBuildPhase section */

/* Begin PBXSourcesBuildPhase section */
		2326463829D1BD3E006FF18E /* Sources */ = {
			isa = PBXSourcesBuildPhase;
			buildActionMask = 2147483647;
			files = (
				2326464D29D1BE67006FF18E /* OnboardingModel.swift in Sources */,
				2326464A29D1BDCE006FF18E /* Bundle+Extension.swift in Sources */,
			);
			runOnlyForDeploymentPostprocessing = 0;
		};
		23E1437B29D04CA800F134AD /* Sources */ = {
			isa = PBXSourcesBuildPhase;
			buildActionMask = 2147483647;
			files = (
				2326462229D1B879006FF18E /* User.swift in Sources */,
				23E143AE29D04D0E00F134AD /* AcronymsView.swift in Sources */,
				2326462529D1B8CE006FF18E /* UsersRequest.swift in Sources */,
				23E143B429D04F5600F134AD /* Acronym.swift in Sources */,
				2326461F29D19B8E006FF18E /* DataParser.swift in Sources */,
				23E1439B29D04CE300F134AD /* APIManager.swift in Sources */,
				23E1439A29D04CE300F134AD /* RequestManager.swift in Sources */,
				23E1438529D04CA800F134AD /* ContentView.swift in Sources */,
				23E143B829D05AB000F134AD /* UsersView.swift in Sources */,
				23970E1D29D3447100FF65B0 /* Persistence.swift in Sources */,
				23E143BA29D05B4D00F134AD /* CreateAcronymView.swift in Sources */,
				23970E1B29D3444600FF65B0 /* Main.xcdatamodeld in Sources */,
				2326465629D1E625006FF18E /* UserDetails.swift in Sources */,
				23E1439D29D04CE300F134AD /* AcronymsRequest.swift in Sources */,
				23970E1329D20F2600FF65B0 /* EditUser.swift in Sources */,
				23E1438329D04CA800F134AD /* TILiOSApp.swift in Sources */,
				23970E1729D21C6500FF65B0 /* CategoriesView.swift in Sources */,
				23970E2329D34B4900FF65B0 /* User+CoreDataHelpers.swift in Sources */,
				2326465429D1D30B006FF18E /* CreateUser.swift in Sources */,
				23E1439C29D04CE300F134AD /* RequestProtocol.swift in Sources */,
				23E143D729D0AE5000F134AD /* AcronymDetail.swift in Sources */,
				23970E2029D3470000FF65B0 /* Category.swift in Sources */,
			);
			runOnlyForDeploymentPostprocessing = 0;
		};
		23E143BD29D062C600F134AD /* Sources */ = {
			isa = PBXSourcesBuildPhase;
			buildActionMask = 2147483647;
			files = (
				23E143CF29D0631A00F134AD /* APIManagerMock.swift in Sources */,
				23E143C429D062C600F134AD /* TILiOSTests.swift in Sources */,
				23E143D129D0632E00F134AD /* AcronymRequestMock.swift in Sources */,
				23E143D529D072C700F134AD /* RequestManagerTests.swift in Sources */,
			);
			runOnlyForDeploymentPostprocessing = 0;
		};
/* End PBXSourcesBuildPhase section */

/* Begin PBXTargetDependency section */
		2326464129D1BD3E006FF18E /* PBXTargetDependency */ = {
			isa = PBXTargetDependency;
			target = 2326463B29D1BD3E006FF18E /* TILiOSOnboarding */;
			targetProxy = 2326464029D1BD3E006FF18E /* PBXContainerItemProxy */;
		};
		23E143C629D062C600F134AD /* PBXTargetDependency */ = {
			isa = PBXTargetDependency;
			target = 23E1437E29D04CA800F134AD /* TILiOS */;
			targetProxy = 23E143C529D062C600F134AD /* PBXContainerItemProxy */;
		};
/* End PBXTargetDependency section */

/* Begin XCBuildConfiguration section */
		2326464529D1BD3E006FF18E /* Debug */ = {
			isa = XCBuildConfiguration;
			buildSettings = {
				CLANG_ENABLE_MODULES = YES;
				CODE_SIGN_STYLE = Automatic;
				CURRENT_PROJECT_VERSION = 1;
				DEFINES_MODULE = YES;
				DYLIB_COMPATIBILITY_VERSION = 1;
				DYLIB_CURRENT_VERSION = 1;
				DYLIB_INSTALL_NAME_BASE = "@rpath";
				GENERATE_INFOPLIST_FILE = YES;
				INFOPLIST_KEY_NSHumanReadableCopyright = "";
				INSTALL_PATH = "$(LOCAL_LIBRARY_DIR)/Frameworks";
				LD_RUNPATH_SEARCH_PATHS = (
					"$(inherited)",
					"@executable_path/Frameworks",
					"@loader_path/Frameworks",
				);
				MARKETING_VERSION = 1.0;
				PRODUCT_BUNDLE_IDENTIFIER = com.eduard.TILiOSOnboarding;
				PRODUCT_NAME = "$(TARGET_NAME:c99extidentifier)";
				SKIP_INSTALL = YES;
				SWIFT_EMIT_LOC_STRINGS = YES;
				SWIFT_OPTIMIZATION_LEVEL = "-Onone";
				SWIFT_VERSION = 5.0;
				TARGETED_DEVICE_FAMILY = "1,2";
				VERSIONING_SYSTEM = "apple-generic";
				VERSION_INFO_PREFIX = "";
			};
			name = Debug;
		};
		2326464629D1BD3E006FF18E /* Release */ = {
			isa = XCBuildConfiguration;
			buildSettings = {
				CLANG_ENABLE_MODULES = YES;
				CODE_SIGN_STYLE = Automatic;
				CURRENT_PROJECT_VERSION = 1;
				DEFINES_MODULE = YES;
				DYLIB_COMPATIBILITY_VERSION = 1;
				DYLIB_CURRENT_VERSION = 1;
				DYLIB_INSTALL_NAME_BASE = "@rpath";
				GENERATE_INFOPLIST_FILE = YES;
				INFOPLIST_KEY_NSHumanReadableCopyright = "";
				INSTALL_PATH = "$(LOCAL_LIBRARY_DIR)/Frameworks";
				LD_RUNPATH_SEARCH_PATHS = (
					"$(inherited)",
					"@executable_path/Frameworks",
					"@loader_path/Frameworks",
				);
				MARKETING_VERSION = 1.0;
				PRODUCT_BUNDLE_IDENTIFIER = com.eduard.TILiOSOnboarding;
				PRODUCT_NAME = "$(TARGET_NAME:c99extidentifier)";
				SKIP_INSTALL = YES;
				SWIFT_EMIT_LOC_STRINGS = YES;
				SWIFT_VERSION = 5.0;
				TARGETED_DEVICE_FAMILY = "1,2";
				VERSIONING_SYSTEM = "apple-generic";
				VERSION_INFO_PREFIX = "";
			};
			name = Release;
		};
		23E1438B29D04CAA00F134AD /* Debug */ = {
			isa = XCBuildConfiguration;
			buildSettings = {
				ALWAYS_SEARCH_USER_PATHS = NO;
				CLANG_ANALYZER_NONNULL = YES;
				CLANG_ANALYZER_NUMBER_OBJECT_CONVERSION = YES_AGGRESSIVE;
				CLANG_CXX_LANGUAGE_STANDARD = "gnu++20";
				CLANG_ENABLE_MODULES = YES;
				CLANG_ENABLE_OBJC_ARC = YES;
				CLANG_ENABLE_OBJC_WEAK = YES;
				CLANG_WARN_BLOCK_CAPTURE_AUTORELEASING = YES;
				CLANG_WARN_BOOL_CONVERSION = YES;
				CLANG_WARN_COMMA = YES;
				CLANG_WARN_CONSTANT_CONVERSION = YES;
				CLANG_WARN_DEPRECATED_OBJC_IMPLEMENTATIONS = YES;
				CLANG_WARN_DIRECT_OBJC_ISA_USAGE = YES_ERROR;
				CLANG_WARN_DOCUMENTATION_COMMENTS = YES;
				CLANG_WARN_EMPTY_BODY = YES;
				CLANG_WARN_ENUM_CONVERSION = YES;
				CLANG_WARN_INFINITE_RECURSION = YES;
				CLANG_WARN_INT_CONVERSION = YES;
				CLANG_WARN_NON_LITERAL_NULL_CONVERSION = YES;
				CLANG_WARN_OBJC_IMPLICIT_RETAIN_SELF = YES;
				CLANG_WARN_OBJC_LITERAL_CONVERSION = YES;
				CLANG_WARN_OBJC_ROOT_CLASS = YES_ERROR;
				CLANG_WARN_QUOTED_INCLUDE_IN_FRAMEWORK_HEADER = YES;
				CLANG_WARN_RANGE_LOOP_ANALYSIS = YES;
				CLANG_WARN_STRICT_PROTOTYPES = YES;
				CLANG_WARN_SUSPICIOUS_MOVE = YES;
				CLANG_WARN_UNGUARDED_AVAILABILITY = YES_AGGRESSIVE;
				CLANG_WARN_UNREACHABLE_CODE = YES;
				CLANG_WARN__DUPLICATE_METHOD_MATCH = YES;
				COPY_PHASE_STRIP = NO;
				DEBUG_INFORMATION_FORMAT = dwarf;
				ENABLE_STRICT_OBJC_MSGSEND = YES;
				ENABLE_TESTABILITY = YES;
				GCC_C_LANGUAGE_STANDARD = gnu11;
				GCC_DYNAMIC_NO_PIC = NO;
				GCC_NO_COMMON_BLOCKS = YES;
				GCC_OPTIMIZATION_LEVEL = 0;
				GCC_PREPROCESSOR_DEFINITIONS = (
					"DEBUG=1",
					"$(inherited)",
				);
				GCC_WARN_64_TO_32_BIT_CONVERSION = YES;
				GCC_WARN_ABOUT_RETURN_TYPE = YES_ERROR;
				GCC_WARN_UNDECLARED_SELECTOR = YES;
				GCC_WARN_UNINITIALIZED_AUTOS = YES_AGGRESSIVE;
				GCC_WARN_UNUSED_FUNCTION = YES;
				GCC_WARN_UNUSED_VARIABLE = YES;
				IPHONEOS_DEPLOYMENT_TARGET = 16.2;
				MTL_ENABLE_DEBUG_INFO = INCLUDE_SOURCE;
				MTL_FAST_MATH = YES;
				ONLY_ACTIVE_ARCH = YES;
				SDKROOT = iphoneos;
				SWIFT_ACTIVE_COMPILATION_CONDITIONS = DEBUG;
				SWIFT_OPTIMIZATION_LEVEL = "-Onone";
			};
			name = Debug;
		};
		23E1438C29D04CAA00F134AD /* Release */ = {
			isa = XCBuildConfiguration;
			buildSettings = {
				ALWAYS_SEARCH_USER_PATHS = NO;
				CLANG_ANALYZER_NONNULL = YES;
				CLANG_ANALYZER_NUMBER_OBJECT_CONVERSION = YES_AGGRESSIVE;
				CLANG_CXX_LANGUAGE_STANDARD = "gnu++20";
				CLANG_ENABLE_MODULES = YES;
				CLANG_ENABLE_OBJC_ARC = YES;
				CLANG_ENABLE_OBJC_WEAK = YES;
				CLANG_WARN_BLOCK_CAPTURE_AUTORELEASING = YES;
				CLANG_WARN_BOOL_CONVERSION = YES;
				CLANG_WARN_COMMA = YES;
				CLANG_WARN_CONSTANT_CONVERSION = YES;
				CLANG_WARN_DEPRECATED_OBJC_IMPLEMENTATIONS = YES;
				CLANG_WARN_DIRECT_OBJC_ISA_USAGE = YES_ERROR;
				CLANG_WARN_DOCUMENTATION_COMMENTS = YES;
				CLANG_WARN_EMPTY_BODY = YES;
				CLANG_WARN_ENUM_CONVERSION = YES;
				CLANG_WARN_INFINITE_RECURSION = YES;
				CLANG_WARN_INT_CONVERSION = YES;
				CLANG_WARN_NON_LITERAL_NULL_CONVERSION = YES;
				CLANG_WARN_OBJC_IMPLICIT_RETAIN_SELF = YES;
				CLANG_WARN_OBJC_LITERAL_CONVERSION = YES;
				CLANG_WARN_OBJC_ROOT_CLASS = YES_ERROR;
				CLANG_WARN_QUOTED_INCLUDE_IN_FRAMEWORK_HEADER = YES;
				CLANG_WARN_RANGE_LOOP_ANALYSIS = YES;
				CLANG_WARN_STRICT_PROTOTYPES = YES;
				CLANG_WARN_SUSPICIOUS_MOVE = YES;
				CLANG_WARN_UNGUARDED_AVAILABILITY = YES_AGGRESSIVE;
				CLANG_WARN_UNREACHABLE_CODE = YES;
				CLANG_WARN__DUPLICATE_METHOD_MATCH = YES;
				COPY_PHASE_STRIP = NO;
				DEBUG_INFORMATION_FORMAT = "dwarf-with-dsym";
				ENABLE_NS_ASSERTIONS = NO;
				ENABLE_STRICT_OBJC_MSGSEND = YES;
				GCC_C_LANGUAGE_STANDARD = gnu11;
				GCC_NO_COMMON_BLOCKS = YES;
				GCC_WARN_64_TO_32_BIT_CONVERSION = YES;
				GCC_WARN_ABOUT_RETURN_TYPE = YES_ERROR;
				GCC_WARN_UNDECLARED_SELECTOR = YES;
				GCC_WARN_UNINITIALIZED_AUTOS = YES_AGGRESSIVE;
				GCC_WARN_UNUSED_FUNCTION = YES;
				GCC_WARN_UNUSED_VARIABLE = YES;
				IPHONEOS_DEPLOYMENT_TARGET = 16.2;
				MTL_ENABLE_DEBUG_INFO = NO;
				MTL_FAST_MATH = YES;
				SDKROOT = iphoneos;
				SWIFT_COMPILATION_MODE = wholemodule;
				SWIFT_OPTIMIZATION_LEVEL = "-O";
				VALIDATE_PRODUCT = YES;
			};
			name = Release;
		};
		23E1438E29D04CAA00F134AD /* Debug */ = {
			isa = XCBuildConfiguration;
			buildSettings = {
				ALWAYS_EMBED_SWIFT_STANDARD_LIBRARIES = YES;
				ASSETCATALOG_COMPILER_APPICON_NAME = AppIcon;
				ASSETCATALOG_COMPILER_GLOBAL_ACCENT_COLOR_NAME = AccentColor;
				CODE_SIGN_STYLE = Automatic;
				CURRENT_PROJECT_VERSION = 1;
				DEVELOPMENT_ASSET_PATHS = "\"TILiOS/Preview Content\"";
				ENABLE_PREVIEWS = YES;
				GENERATE_INFOPLIST_FILE = YES;
				INFOPLIST_KEY_UIApplicationSceneManifest_Generation = YES;
				INFOPLIST_KEY_UIApplicationSupportsIndirectInputEvents = YES;
				INFOPLIST_KEY_UILaunchScreen_Generation = YES;
				INFOPLIST_KEY_UISupportedInterfaceOrientations_iPad = "UIInterfaceOrientationPortrait UIInterfaceOrientationPortraitUpsideDown UIInterfaceOrientationLandscapeLeft UIInterfaceOrientationLandscapeRight";
				INFOPLIST_KEY_UISupportedInterfaceOrientations_iPhone = "UIInterfaceOrientationPortrait UIInterfaceOrientationLandscapeLeft UIInterfaceOrientationLandscapeRight";
				LD_RUNPATH_SEARCH_PATHS = (
					"$(inherited)",
					"@executable_path/Frameworks",
				);
				MARKETING_VERSION = 1.0;
				PRODUCT_BUNDLE_IDENTIFIER = com.eduard.TILiOS;
				PRODUCT_NAME = "$(TARGET_NAME)";
				SWIFT_EMIT_LOC_STRINGS = YES;
				SWIFT_VERSION = 5.0;
				TARGETED_DEVICE_FAMILY = "1,2";
			};
			name = Debug;
		};
		23E1438F29D04CAA00F134AD /* Release */ = {
			isa = XCBuildConfiguration;
			buildSettings = {
				ALWAYS_EMBED_SWIFT_STANDARD_LIBRARIES = YES;
				ASSETCATALOG_COMPILER_APPICON_NAME = AppIcon;
				ASSETCATALOG_COMPILER_GLOBAL_ACCENT_COLOR_NAME = AccentColor;
				CODE_SIGN_STYLE = Automatic;
				CURRENT_PROJECT_VERSION = 1;
				DEVELOPMENT_ASSET_PATHS = "\"TILiOS/Preview Content\"";
				ENABLE_PREVIEWS = YES;
				GENERATE_INFOPLIST_FILE = YES;
				INFOPLIST_KEY_UIApplicationSceneManifest_Generation = YES;
				INFOPLIST_KEY_UIApplicationSupportsIndirectInputEvents = YES;
				INFOPLIST_KEY_UILaunchScreen_Generation = YES;
				INFOPLIST_KEY_UISupportedInterfaceOrientations_iPad = "UIInterfaceOrientationPortrait UIInterfaceOrientationPortraitUpsideDown UIInterfaceOrientationLandscapeLeft UIInterfaceOrientationLandscapeRight";
				INFOPLIST_KEY_UISupportedInterfaceOrientations_iPhone = "UIInterfaceOrientationPortrait UIInterfaceOrientationLandscapeLeft UIInterfaceOrientationLandscapeRight";
				LD_RUNPATH_SEARCH_PATHS = (
					"$(inherited)",
					"@executable_path/Frameworks",
				);
				MARKETING_VERSION = 1.0;
				PRODUCT_BUNDLE_IDENTIFIER = com.eduard.TILiOS;
				PRODUCT_NAME = "$(TARGET_NAME)";
				SWIFT_EMIT_LOC_STRINGS = YES;
				SWIFT_VERSION = 5.0;
				TARGETED_DEVICE_FAMILY = "1,2";
			};
			name = Release;
		};
		23E143C829D062C600F134AD /* Debug */ = {
			isa = XCBuildConfiguration;
			buildSettings = {
				BUNDLE_LOADER = "$(TEST_HOST)";
				CODE_SIGN_STYLE = Automatic;
				CURRENT_PROJECT_VERSION = 1;
				GENERATE_INFOPLIST_FILE = YES;
				IPHONEOS_DEPLOYMENT_TARGET = 16.2;
				MACOSX_DEPLOYMENT_TARGET = 12.6;
				MARKETING_VERSION = 1.0;
				PRODUCT_BUNDLE_IDENTIFIER = com.eduard.TILiOSTests;
				PRODUCT_NAME = "$(TARGET_NAME)";
				SDKROOT = auto;
				SUPPORTED_PLATFORMS = "iphoneos iphonesimulator macosx";
				SWIFT_EMIT_LOC_STRINGS = NO;
				SWIFT_VERSION = 5.0;
				TARGETED_DEVICE_FAMILY = "1,2";
				TEST_HOST = "$(BUILT_PRODUCTS_DIR)/TILiOS.app/$(BUNDLE_EXECUTABLE_FOLDER_PATH)/TILiOS";
			};
			name = Debug;
		};
		23E143C929D062C600F134AD /* Release */ = {
			isa = XCBuildConfiguration;
			buildSettings = {
				BUNDLE_LOADER = "$(TEST_HOST)";
				CODE_SIGN_STYLE = Automatic;
				CURRENT_PROJECT_VERSION = 1;
				GENERATE_INFOPLIST_FILE = YES;
				IPHONEOS_DEPLOYMENT_TARGET = 16.2;
				MACOSX_DEPLOYMENT_TARGET = 12.6;
				MARKETING_VERSION = 1.0;
				PRODUCT_BUNDLE_IDENTIFIER = com.eduard.TILiOSTests;
				PRODUCT_NAME = "$(TARGET_NAME)";
				SDKROOT = auto;
				SUPPORTED_PLATFORMS = "iphoneos iphonesimulator macosx";
				SWIFT_EMIT_LOC_STRINGS = NO;
				SWIFT_VERSION = 5.0;
				TARGETED_DEVICE_FAMILY = "1,2";
				TEST_HOST = "$(BUILT_PRODUCTS_DIR)/TILiOS.app/$(BUNDLE_EXECUTABLE_FOLDER_PATH)/TILiOS";
			};
			name = Release;
		};
/* End XCBuildConfiguration section */

/* Begin XCConfigurationList section */
		2326464429D1BD3E006FF18E /* Build configuration list for PBXNativeTarget "TILiOSOnboarding" */ = {
			isa = XCConfigurationList;
			buildConfigurations = (
				2326464529D1BD3E006FF18E /* Debug */,
				2326464629D1BD3E006FF18E /* Release */,
			);
			defaultConfigurationIsVisible = 0;
			defaultConfigurationName = Release;
		};
		23E1437A29D04CA800F134AD /* Build configuration list for PBXProject "TILiOS" */ = {
			isa = XCConfigurationList;
			buildConfigurations = (
				23E1438B29D04CAA00F134AD /* Debug */,
				23E1438C29D04CAA00F134AD /* Release */,
			);
			defaultConfigurationIsVisible = 0;
			defaultConfigurationName = Release;
		};
		23E1438D29D04CAA00F134AD /* Build configuration list for PBXNativeTarget "TILiOS" */ = {
			isa = XCConfigurationList;
			buildConfigurations = (
				23E1438E29D04CAA00F134AD /* Debug */,
				23E1438F29D04CAA00F134AD /* Release */,
			);
			defaultConfigurationIsVisible = 0;
			defaultConfigurationName = Release;
		};
		23E143C729D062C600F134AD /* Build configuration list for PBXNativeTarget "TILiOSTests" */ = {
			isa = XCConfigurationList;
			buildConfigurations = (
				23E143C829D062C600F134AD /* Debug */,
				23E143C929D062C600F134AD /* Release */,
			);
			defaultConfigurationIsVisible = 0;
			defaultConfigurationName = Release;
		};
/* End XCConfigurationList section */

/* Begin XCVersionGroup section */
		23970E1929D3444600FF65B0 /* Main.xcdatamodeld */ = {
			isa = XCVersionGroup;
			children = (
				23970E1A29D3444600FF65B0 /* Main.xcdatamodel */,
			);
			currentVersion = 23970E1A29D3444600FF65B0 /* Main.xcdatamodel */;
			path = Main.xcdatamodeld;
			sourceTree = "<group>";
			versionGroupType = wrapper.xcdatamodel;
		};
/* End XCVersionGroup section */
	};
	rootObject = 23E1437729D04CA800F134AD /* Project object */;
}
